
Microsoft Visual Studio Solution File, Format Version 12.00
# Visual Studio Version 16
VisualStudioVersion = 16.0.29509.3
MinimumVisualStudioVersion = 10.0.40219.1
Project("{FAE04EC0-301F-11D3-BF4B-00C04F79EFBC}") = "DentApexis.DAL", "DentApexis.DAL\DentApexis.DAL.csproj", "{7FF75D51-A661-4E93-B47E-0A4540F0584A}"
EndProject
Project("{FAE04EC0-301F-11D3-BF4B-00C04F79EFBC}") = "DentApexis.BLL", "DentApexis.BLL\DentApexis.BLL.csproj", "{896C9376-C4FF-4F8E-B263-A930CC43B200}"
EndProject
Project("{FAE04EC0-301F-11D3-BF4B-00C04F79EFBC}") = "DentApexis.WinUI", "DentApexis.WinUI\DentApexis.WinUI.csproj", "{29BE5F6B-D6B9-45EA-B46E-A099632231A4}"
EndProject
Project("{FAE04EC0-301F-11D3-BF4B-00C04F79EFBC}") = "DentApexis.MODEL", "DentApexis.MODEL\DentApexis.MODEL.csproj", "{C89D26DF-1E2A-4081-BA96-7D3D64FD1B2D}"
EndProject
Project("{FAE04EC0-301F-11D3-BF4B-00C04F79EFBC}") = "DentApexis.COMMON", "DentApexis.COMMON\DentApexis.COMMON.csproj", "{7F71D686-EAFF-4971-A362-B43908E14C90}"
EndProject
Project("{FAE04EC0-301F-11D3-BF4B-00C04F79EFBC}") = "DentApexis.MAP", "DentApexis.MAP\DentApexis.MAP.csproj", "{F9389D43-F7D6-4FA5-88D6-32F4AAEB730D}"
EndProject
Project("{FAE04EC0-301F-11D3-BF4B-00C04F79EFBC}") = "DentApexis.MVCUI", "teasfasc\DentApexis.MVCUI.csproj", "{011FD540-D313-45A6-80C6-4900DE71200A}"
EndProject
Project("{2150E333-8FDC-42A3-9474-1A3956D46DE8}") = "ReadMe", "ReadMe", "{F0876B65-3D93-4BD1-B194-AFFF198925B3}"
	ProjectSection(SolutionItems) = preProject
		ReadMe.txt = ReadMe.txt
	EndProjectSection
EndProject
Global
	GlobalSection(SolutionConfigurationPlatforms) = preSolution
		Debug|Any CPU = Debug|Any CPU
		Release|Any CPU = Release|Any CPU
	EndGlobalSection
	GlobalSection(ProjectConfigurationPlatforms) = postSolution
		{7FF75D51-A661-4E93-B47E-0A4540F0584A}.Debug|Any CPU.ActiveCfg = Debug|Any CPU
		{7FF75D51-A661-4E93-B47E-0A4540F0584A}.Debug|Any CPU.Build.0 = Debug|Any CPU
		{7FF75D51-A661-4E93-B47E-0A4540F0584A}.Release|Any CPU.ActiveCfg = Release|Any CPU
		{7FF75D51-A661-4E93-B47E-0A4540F0584A}.Release|Any CPU.Build.0 = Release|Any CPU
		{896C9376-C4FF-4F8E-B263-A930CC43B200}.Debug|Any CPU.ActiveCfg = Debug|Any CPU
		{896C9376-C4FF-4F8E-B263-A930CC43B200}.Debug|Any CPU.Build.0 = Debug|Any CPU
		{896C9376-C4FF-4F8E-B263-A930CC43B200}.Release|Any CPU.ActiveCfg = Release|Any CPU
		{896C9376-C4FF-4F8E-B263-A930CC43B200}.Release|Any CPU.Build.0 = Release|Any CPU
		{29BE5F6B-D6B9-45EA-B46E-A099632231A4}.Debug|Any CPU.ActiveCfg = Debug|Any CPU
		{29BE5F6B-D6B9-45EA-B46E-A099632231A4}.Debug|Any CPU.Build.0 = Debug|Any CPU
		{29BE5F6B-D6B9-45EA-B46E-A099632231A4}.Release|Any CPU.ActiveCfg = Release|Any CPU
		{29BE5F6B-D6B9-45EA-B46E-A099632231A4}.Release|Any CPU.Build.0 = Release|Any CPU
		{C89D26DF-1E2A-4081-BA96-7D3D64FD1B2D}.Debug|Any CPU.ActiveCfg = Debug|Any CPU
		{C89D26DF-1E2A-4081-BA96-7D3D64FD1B2D}.Debug|Any CPU.Build.0 = Debug|Any CPU
		{C89D26DF-1E2A-4081-BA96-7D3D64FD1B2D}.Release|Any CPU.ActiveCfg = Release|Any CPU
		{C89D26DF-1E2A-4081-BA96-7D3D64FD1B2D}.Release|Any CPU.Build.0 = Release|Any CPU
		{7F71D686-EAFF-4971-A362-B43908E14C90}.Debug|Any CPU.ActiveCfg = Debug|Any CPU
		{7F71D686-EAFF-4971-A362-B43908E14C90}.Debug|Any CPU.Build.0 = Debug|Any CPU
		{7F71D686-EAFF-4971-A362-B43908E14C90}.Release|Any CPU.ActiveCfg = Release|Any CPU
		{7F71D686-EAFF-4971-A362-B43908E14C90}.Release|Any CPU.Build.0 = Release|Any CPU
		{F9389D43-F7D6-4FA5-88D6-32F4AAEB730D}.Debug|Any CPU.ActiveCfg = Debug|Any CPU
		{F9389D43-F7D6-4FA5-88D6-32F4AAEB730D}.Debug|Any CPU.Build.0 = Debug|Any CPU
		{F9389D43-F7D6-4FA5-88D6-32F4AAEB730D}.Release|Any CPU.ActiveCfg = Release|Any CPU
		{F9389D43-F7D6-4FA5-88D6-32F4AAEB730D}.Release|Any CPU.Build.0 = Release|Any CPU
		{011FD540-D313-45A6-80C6-4900DE71200A}.Debug|Any CPU.ActiveCfg = Debug|Any CPU
		{011FD540-D313-45A6-80C6-4900DE71200A}.Debug|Any CPU.Build.0 = Debug|Any CPU
		{011FD540-D313-45A6-80C6-4900DE71200A}.Release|Any CPU.ActiveCfg = Release|Any CPU
		{011FD540-D313-45A6-80C6-4900DE71200A}.Release|Any CPU.Build.0 = Release|Any CPU
	EndGlobalSection
	GlobalSection(SolutionProperties) = preSolution
		HideSolutionNode = FALSE
	EndGlobalSection
	GlobalSection(ExtensibilityGlobals) = postSolution
		SolutionGuid = {91114CB8-EF38-4573-863F-4531669925F8}
	EndGlobalSection
EndGlobal
